
Microsoft Visual Studio Solution File, Format Version 12.00
# Visual Studio Version 17
VisualStudioVersion = 17.9.34723.18
MinimumVisualStudioVersion = 10.0.40219.1
Project("{FAE04EC0-301F-11D3-BF4B-00C04F79EFBC}") = "ConsoleApp9", "ConsoleApp9\ConsoleApp9.csproj", "{5FA11179-7ED6-4A3A-8EB8-F9496746DFF9}"
EndProject
Global
	GlobalSection(SolutionConfigurationPlatforms) = preSolution
		Debug|Any CPU = Debug|Any CPU
		Release|Any CPU = Release|Any CPU
	EndGlobalSection
	GlobalSection(ProjectConfigurationPlatforms) = postSolution
		{5FA11179-7ED6-4A3A-8EB8-F9496746DFF9}.Debug|Any CPU.ActiveCfg = Debug|Any CPU
		{5FA11179-7ED6-4A3A-8EB8-F9496746DFF9}.Debug|Any CPU.Build.0 = Debug|Any CPU
		{5FA11179-7ED6-4A3A-8EB8-F9496746DFF9}.Release|Any CPU.ActiveCfg = Release|Any CPU
		{5FA11179-7ED6-4A3A-8EB8-F9496746DFF9}.Release|Any CPU.Build.0 = Release|Any CPU
	EndGlobalSection
	GlobalSection(SolutionProperties) = preSolution
		HideSolutionNode = FALSE
	EndGlobalSection
	GlobalSection(ExtensibilityGlobals) = postSolution
		SolutionGuid = {1C160BA8-F262-454E-8A5E-D5DB92C62B35}
	EndGlobalSection
EndGlobal
